
Microsoft Visual Studio Solution File, Format Version 12.00
# Visual Studio Version 16
VisualStudioVersion = 16.0.30611.23
MinimumVisualStudioVersion = 10.0.40219.1
Project("{8BC9CEB8-8B4A-11D0-8D11-00A0C91BC942}") = "creepers", "creepers.vcxproj", "{10D967FC-B210-4246-9ED2-53ED547F658F}"
EndProject
Global
	GlobalSection(SolutionConfigurationPlatforms) = preSolution
		Debug|x64 = Debug|x64
		Release|x64 = Release|x64
	EndGlobalSection
	GlobalSection(ProjectConfigurationPlatforms) = postSolution
		{10D967FC-B210-4246-9ED2-53ED547F658F}.Debug|x64.ActiveCfg = Debug|x64
		{10D967FC-B210-4246-9ED2-53ED547F658F}.Debug|x64.Build.0 = Debug|x64
		{10D967FC-B210-4246-9ED2-53ED547F658F}.Release|x64.ActiveCfg = Release|x64
		{10D967FC-B210-4246-9ED2-53ED547F658F}.Release|x64.Build.0 = Release|x64
	EndGlobalSection
	GlobalSection(SolutionProperties) = preSolution
		HideSolutionNode = FALSE
	EndGlobalSection
	GlobalSection(ExtensibilityGlobals) = postSolution
		SolutionGuid = {5BE78D47-2BDF-4DFC-B92D-CC2DBD2E5DF4}
	EndGlobalSection
EndGlobal
